// !$*UTF8*$!
{
	archiveVersion = 1;
	classes = {
	};
	objectVersion = 46;
	objects = {

/* Begin PBXBuildFile section */
		65DB5CAC1D331B98000C4183 /* Felix_by_Raiis.jpg in Resources */ = {isa = PBXBuildFile; fileRef = 65DB5CAB1D331B98000C4183 /* Felix_by_Raiis.jpg */; };
		65E491491CFF9B7600D68820 /* AppDelegate.swift in Sources */ = {isa = PBXBuildFile; fileRef = 65E491481CFF9B7600D68820 /* AppDelegate.swift */; };
		65E4914B1CFF9B7600D68820 /* ViewController.swift in Sources */ = {isa = PBXBuildFile; fileRef = 65E4914A1CFF9B7600D68820 /* ViewController.swift */; };
		65E4914E1CFF9B7600D68820 /* Main.storyboard in Resources */ = {isa = PBXBuildFile; fileRef = 65E4914C1CFF9B7600D68820 /* Main.storyboard */; };
		65E491501CFF9B7600D68820 /* Assets.xcassets in Resources */ = {isa = PBXBuildFile; fileRef = 65E4914F1CFF9B7600D68820 /* Assets.xcassets */; };
		65E491531CFF9B7600D68820 /* LaunchScreen.storyboard in Resources */ = {isa = PBXBuildFile; fileRef = 65E491511CFF9B7600D68820 /* LaunchScreen.storyboard */; };
/* End PBXBuildFile section */

/* Begin PBXFileReference section */
		65DB5CAB1D331B98000C4183 /* Felix_by_Raiis.jpg */ = {isa = PBXFileReference; lastKnownFileType = image.jpeg; path = Felix_by_Raiis.jpg; sourceTree = "<group>"; };
		65E491451CFF9B7600D68820 /* HelloWorld.app */ = {isa = PBXFileReference; explicitFileType = wrapper.application; includeInIndex = 0; path = HelloWorld.app; sourceTree = BUILT_PRODUCTS_DIR; };
		65E491481CFF9B7600D68820 /* AppDelegate.swift */ = {isa = PBXFileReference; lastKnownFileType = sourcecode.swift; path = AppDelegate.swift; sourceTree = "<group>"; };
		65E4914A1CFF9B7600D68820 /* ViewController.swift */ = {isa = PBXFileReference; lastKnownFileType = sourcecode.swift; path = ViewController.swift; sourceTree = "<group>"; };
		65E4914D1CFF9B7600D68820 /* Base */ = {isa = PBXFileReference; lastKnownFileType = file.storyboard; name = Base; path = Base.lproj/Main.storyboard; sourceTree = "<group>"; };
		65E4914F1CFF9B7600D68820 /* Assets.xcassets */ = {isa = PBXFileReference; lastKnownFileType = folder.assetcatalog; path = Assets.xcassets; sourceTree = "<group>"; };
		65E491521CFF9B7600D68820 /* Base */ = {isa = PBXFileReference; lastKnownFileType = file.storyboard; name = Base; path = Base.lproj/LaunchScreen.storyboard; sourceTree = "<group>"; };
		65E491541CFF9B7600D68820 /* Info.plist */ = {isa = PBXFileReference; lastKnownFileType = text.plist.xml; path = Info.plist; sourceTree = "<group>"; };
/* End PBXFileReference section */

/* Begin PBXFrameworksBuildPhase section */
		65E491421CFF9B7500D68820 /* Frameworks */ = {
			isa = PBXFrameworksBuildPhase;
			buildActionMask = 2147483647;
			files = (
			);
			runOnlyForDeploymentPostprocessing = 0;
		};
/* End PBXFrameworksBuildPhase section */

/* Begin PBXGroup section */
		65E4913C1CFF9B7500D68820 = {
			isa = PBXGroup;
			children = (
				65E491471CFF9B7600D68820 /* HelloWorld */,
				65E491461CFF9B7600D68820 /* Products */,
			);
			sourceTree = "<group>";
		};
		65E491461CFF9B7600D68820 /* Products */ = {
			isa = PBXGroup;
			children = (
				65E491451CFF9B7600D68820 /* HelloWorld.app */,
			);
			name = Products;
			sourceTree = "<group>";
		};
		65E491471CFF9B7600D68820 /* HelloWorld */ = {
			isa = PBXGroup;
			children = (
				65DB5CAB1D331B98000C4183 /* Felix_by_Raiis.jpg */,
				65E491481CFF9B7600D68820 /* AppDelegate.swift */,
				65E4914A1CFF9B7600D68820 /* ViewController.swift */,
				65E4914C1CFF9B7600D68820 /* Main.storyboard */,
				65E4914F1CFF9B7600D68820 /* Assets.xcassets */,
				65E491511CFF9B7600D68820 /* LaunchScreen.storyboard */,
				65E491541CFF9B7600D68820 /* Info.plist */,
			);
			path = HelloWorld;
			sourceTree = "<group>";
		};
/* End PBXGroup section */

/* Begin PBXNativeTarget section */
		65E491441CFF9B7500D68820 /* HelloWorld */ = {
			isa = PBXNativeTarget;
			buildConfigurationList = 65E491571CFF9B7600D68820 /* Build configuration list for PBXNativeTarget "HelloWorld" */;
			buildPhases = (
				65E491411CFF9B7500D68820 /* Sources */,
				65E491421CFF9B7500D68820 /* Frameworks */,
				65E491431CFF9B7500D68820 /* Resources */,
			);
			buildRules = (
			);
			dependencies = (
			);
			name = HelloWorld;
			productName = HelloWorld;
			productReference = 65E491451CFF9B7600D68820 /* HelloWorld.app */;
			productType = "com.apple.product-type.application";
		};
/* End PBXNativeTarget section */

/* Begin PBXProject section */
		65E4913D1CFF9B7500D68820 /* Project object */ = {
			isa = PBXProject;
			attributes = {
				LastSwiftUpdateCheck = 0730;
				LastUpgradeCheck = 0730;
				ORGANIZATIONNAME = "André Ricardo de Souza Guedes";
				TargetAttributes = {
					65E491441CFF9B7500D68820 = {
						CreatedOnToolsVersion = 7.3.1;
					};
				};
			};
			buildConfigurationList = 65E491401CFF9B7500D68820 /* Build configuration list for PBXProject "HelloWorld" */;
			compatibilityVersion = "Xcode 3.2";
			developmentRegion = English;
			hasScannedForEncodings = 0;
			knownRegions = (
				en,
				Base,
			);
			mainGroup = 65E4913C1CFF9B7500D68820;
			productRefGroup = 65E491461CFF9B7600D68820 /* Products */;
			projectDirPath = "";
			projectRoot = "";
			targets = (
				65E491441CFF9B7500D68820 /* HelloWorld */,
			);
		};
/* End PBXProject section */

/* Begin PBXResourcesBuildPhase section */
		65E491431CFF9B7500D68820 /* Resources */ = {
			isa = PBXResourcesBuildPhase;
			buildActionMask = 2147483647;
			files = (
				65E491531CFF9B7600D68820 /* LaunchScreen.storyboard in Resources */,
				65E491501CFF9B7600D68820 /* Assets.xcassets in Resources */,
				65DB5CAC1D331B98000C4183 /* Felix_by_Raiis.jpg in Resources */,
				65E4914E1CFF9B7600D68820 /* Main.storyboard in Resources */,
			);
			runOnlyForDeploymentPostprocessing = 0;
		};
/* End PBXResourcesBuildPhase section */

/* Begin PBXSourcesBuildPhase section */
		65E491411CFF9B7500D68820 /* Sources */ = {
			isa = PBXSourcesBuildPhase;
			buildActionMask = 2147483647;
			files = (
				65E4914B1CFF9B7600D68820 /* ViewController.swift in Sources */,
				65E491491CFF9B7600D68820 /* AppDelegate.swift in Sources */,
			);
			runOnlyForDeploymentPostprocessing = 0;
		};
/* End PBXSourcesBuildPhase section */

/* Begin PBXVariantGroup section */
		65E4914C1CFF9B7600D68820 /* Main.storyboard */ = {
			isa = PBXVariantGroup;
			children = (
				65E4914D1CFF9B7600D68820 /* Base */,
			);
			name = Main.storyboard;
			sourceTree = "<group>";
		};
		65E491511CFF9B7600D68820 /* LaunchScreen.storyboard */ = {
			isa = PBXVariantGroup;
			children = (
				65E491521CFF9B7600D68820 /* Base */,
			);
			name = LaunchScreen.storyboard;
			sourceTree = "<group>";
		};
/* End PBXVariantGroup section */

/* Begin XCBuildConfiguration section */
		65E491551CFF9B7600D68820 /* Debug */ = {
			isa = XCBuildConfiguration;
			buildSettings = {
				ALWAYS_SEARCH_USER_PATHS = NO;
				CLANG_ANALYZER_NONNULL = YES;
				CLANG_CXX_LANGUAGE_STANDARD = "gnu++0x";
				CLANG_CXX_LIBRARY = "libc++";
				CLANG_ENABLE_MODULES = YES;
				CLANG_ENABLE_OBJC_ARC = YES;
				CLANG_WARN_BOOL_CONVERSION = YES;
				CLANG_WARN_CONSTANT_CONVERSION = YES;
				CLANG_WARN_DIRECT_OBJC_ISA_USAGE = YES_ERROR;
				CLANG_WARN_EMPTY_BODY = YES;
				CLANG_WARN_ENUM_CONVERSION = YES;
				CLANG_WARN_INT_CONVERSION = YES;
				CLANG_WARN_OBJC_ROOT_CLASS = YES_ERROR;
				CLANG_WARN_UNREACHABLE_CODE = YES;
				CLANG_WARN__DUPLICATE_METHOD_MATCH = YES;
				"CODE_SIGN_IDENTITY[sdk=iphoneos*]" = "iPhone Developer";
				COPY_PHASE_STRIP = NO;
				DEBUG_INFORMATION_FORMAT = dwarf;
				ENABLE_STRICT_OBJC_MSGSEND = YES;
				ENABLE_TESTABILITY = YES;
				GCC_C_LANGUAGE_STANDARD = gnu99;
				GCC_DYNAMIC_NO_PIC = NO;
				GCC_NO_COMMON_BLOCKS = YES;
				GCC_OPTIMIZATION_LEVEL = 0;
				GCC_PREPROCESSOR_DEFINITIONS = (
					"DEBUG=1",
					"$(inherited)",
				);
				GCC_WARN_64_TO_32_BIT_CONVERSION = YES;
				GCC_WARN_ABOUT_RETURN_TYPE = YES_ERROR;
				GCC_WARN_UNDECLARED_SELECTOR = YES;
				GCC_WARN_UNINITIALIZED_AUTOS = YES_AGGRESSIVE;
				GCC_WARN_UNUSED_FUNCTION = YES;
				GCC_WARN_UNUSED_VARIABLE = YES;
				IPHONEOS_DEPLOYMENT_TARGET = 9.3;
				MTL_ENABLE_DEBUG_INFO = YES;
				ONLY_ACTIVE_ARCH = YES;
				SDKROOT = iphoneos;
				SWIFT_OPTIMIZATION_LEVEL = "-Onone";
			};
			name = Debug;
		};
		65E491561CFF9B7600D68820 /* Release */ = {
			isa = XCBuildConfiguration;
			buildSettings = {
				ALWAYS_SEARCH_USER_PATHS = NO;
				CLANG_ANALYZER_NONNULL = YES;
				CLANG_CXX_LANGUAGE_STANDARD = "gnu++0x";
				CLANG_CXX_LIBRARY = "libc++";
				CLANG_ENABLE_MODULES = YES;
				CLANG_ENABLE_OBJC_ARC = YES;
				CLANG_WARN_BOOL_CONVERSION = YES;
				CLANG_WARN_CONSTANT_CONVERSION = YES;
				CLANG_WARN_DIRECT_OBJC_ISA_USAGE = YES_ERROR;
				CLANG_WARN_EMPTY_BODY = YES;
				CLANG_WARN_ENUM_CONVERSION = YES;
				CLANG_WARN_INT_CONVERSION = YES;
				CLANG_WARN_OBJC_ROOT_CLASS = YES_ERROR;
				CLANG_WARN_UNREACHABLE_CODE = YES;
				CLANG_WARN__DUPLICATE_METHOD_MATCH = YES;
				"CODE_SIGN_IDENTITY[sdk=iphoneos*]" = "iPhone Developer";
				COPY_PHASE_STRIP = NO;
				DEBUG_INFORMATION_FORMAT = "dwarf-with-dsym";
				ENABLE_NS_ASSERTIONS = NO;
				ENABLE_STRICT_OBJC_MSGSEND = YES;
				GCC_C_LANGUAGE_STANDARD = gnu99;
				GCC_NO_COMMON_BLOCKS = YES;
				GCC_WARN_64_TO_32_BIT_CONVERSION = YES;
				GCC_WARN_ABOUT_RETURN_TYPE = YES_ERROR;
				GCC_WARN_UNDECLARED_SELECTOR = YES;
				GCC_WARN_UNINITIALIZED_AUTOS = YES_AGGRESSIVE;
				GCC_WARN_UNUSED_FUNCTION = YES;
				GCC_WARN_UNUSED_VARIABLE = YES;
				IPHONEOS_DEPLOYMENT_TARGET = 9.3;
				MTL_ENABLE_DEBUG_INFO = NO;
				SDKROOT = iphoneos;
				VALIDATE_PRODUCT = YES;
			};
			name = Release;
		};
		65E491581CFF9B7600D68820 /* Debug */ = {
			isa = XCBuildConfiguration;
			buildSettings = {
				ASSETCATALOG_COMPILER_APPICON_NAME = AppIcon;
				INFOPLIST_FILE = HelloWorld/Info.plist;
				LD_RUNPATH_SEARCH_PATHS = "$(inherited) @executable_path/Frameworks";
				PRODUCT_BUNDLE_IDENTIFIER = br.com.udemyios.HelloWorld;
				PRODUCT_NAME = "$(TARGET_NAME)";
			};
			name = Debug;
		};
		65E491591CFF9B7600D68820 /* Release */ = {
			isa = XCBuildConfiguration;
			buildSettings = {
				ASSETCATALOG_COMPILER_APPICON_NAME = AppIcon;
				INFOPLIST_FILE = HelloWorld/Info.plist;
				LD_RUNPATH_SEARCH_PATHS = "$(inherited) @executable_path/Frameworks";
				PRODUCT_BUNDLE_IDENTIFIER = br.com.udemyios.HelloWorld;
				PRODUCT_NAME = "$(TARGET_NAME)";
			};
			name = Release;
		};
/* End XCBuildConfiguration section */

/* Begin XCConfigurationList section */
		65E491401CFF9B7500D68820 /* Build configuration list for PBXProject "HelloWorld" */ = {
			isa = XCConfigurationList;
			buildConfigurations = (
				65E491551CFF9B7600D68820 /* Debug */,
				65E491561CFF9B7600D68820 /* Release */,
			);
			defaultConfigurationIsVisible = 0;
			defaultConfigurationName = Release;
		};
		65E491571CFF9B7600D68820 /* Build configuration list for PBXNativeTarget "HelloWorld" */ = {
			isa = XCConfigurationList;
			buildConfigurations = (
				65E491581CFF9B7600D68820 /* Debug */,
				65E491591CFF9B7600D68820 /* Release */,
			);
			defaultConfigurationIsVisible = 0;
			defaultConfigurationName = Release;
		};
/* End XCConfigurationList section */
	};
	rootObject = 65E4913D1CFF9B7500D68820 /* Project object */;
}
